// !$*UTF8*$!
{
	archiveVersion = 1;
	classes = {
	};
	objectVersion = 56;
	objects = {

/* Begin PBXBuildFile section */
		F06D2C0A2C64CAB400519935 /* AirbnbApp.swift in Sources */ = {isa = PBXBuildFile; fileRef = F06D2C092C64CAB400519935 /* AirbnbApp.swift */; };
		F06D2C0C2C64CAB400519935 /* ContentView.swift in Sources */ = {isa = PBXBuildFile; fileRef = F06D2C0B2C64CAB400519935 /* ContentView.swift */; };
		F06D2C0E2C64CAB600519935 /* Assets.xcassets in Resources */ = {isa = PBXBuildFile; fileRef = F06D2C0D2C64CAB600519935 /* Assets.xcassets */; };
		F06D2C112C64CAB600519935 /* Preview Assets.xcassets in Resources */ = {isa = PBXBuildFile; fileRef = F06D2C102C64CAB600519935 /* Preview Assets.xcassets */; };
		F06D2C212C64E50E00519935 /* ExploreView.swift in Sources */ = {isa = PBXBuildFile; fileRef = F06D2C202C64E50E00519935 /* ExploreView.swift */; };
		F06D2C232C64E5D900519935 /* ListingItemView.swift in Sources */ = {isa = PBXBuildFile; fileRef = F06D2C222C64E5D900519935 /* ListingItemView.swift */; };
		F06D2C252C64F71300519935 /* SearchAndFilterBarView.swift in Sources */ = {isa = PBXBuildFile; fileRef = F06D2C242C64F71300519935 /* SearchAndFilterBarView.swift */; };
		F06D2C292C64FD9900519935 /* ListingDetailView.swift in Sources */ = {isa = PBXBuildFile; fileRef = F06D2C282C64FD9900519935 /* ListingDetailView.swift */; };
		F06D2C2B2C653B1200519935 /* ListingImageCarouselView.swift in Sources */ = {isa = PBXBuildFile; fileRef = F06D2C2A2C653B1200519935 /* ListingImageCarouselView.swift */; };
		F06D2C2D2C65438200519935 /* RatingView.swift in Sources */ = {isa = PBXBuildFile; fileRef = F06D2C2C2C65438200519935 /* RatingView.swift */; };
		F06D2C2F2C66762B00519935 /* HostProfileView.swift in Sources */ = {isa = PBXBuildFile; fileRef = F06D2C2E2C66762B00519935 /* HostProfileView.swift */; };
		F06D2C312C6678E300519935 /* ListingAmenitiesListView.swift in Sources */ = {isa = PBXBuildFile; fileRef = F06D2C302C6678E300519935 /* ListingAmenitiesListView.swift */; };
		F06D2C332C66804C00519935 /* ListingBedroomsView.swift in Sources */ = {isa = PBXBuildFile; fileRef = F06D2C322C66804C00519935 /* ListingBedroomsView.swift */; };
		F06D2C362C66865700519935 /* ListingFeaturesView.swift in Sources */ = {isa = PBXBuildFile; fileRef = F06D2C352C66865700519935 /* ListingFeaturesView.swift */; };
		F06D2C382C6686BB00519935 /* ListingMapView.swift in Sources */ = {isa = PBXBuildFile; fileRef = F06D2C372C6686BB00519935 /* ListingMapView.swift */; };
/* End PBXBuildFile section */

/* Begin PBXFileReference section */
		F06D2C062C64CAB400519935 /* Airbnb.app */ = {isa = PBXFileReference; explicitFileType = wrapper.application; includeInIndex = 0; path = Airbnb.app; sourceTree = BUILT_PRODUCTS_DIR; };
		F06D2C092C64CAB400519935 /* AirbnbApp.swift */ = {isa = PBXFileReference; lastKnownFileType = sourcecode.swift; path = AirbnbApp.swift; sourceTree = "<group>"; };
		F06D2C0B2C64CAB400519935 /* ContentView.swift */ = {isa = PBXFileReference; lastKnownFileType = sourcecode.swift; path = ContentView.swift; sourceTree = "<group>"; };
		F06D2C0D2C64CAB600519935 /* Assets.xcassets */ = {isa = PBXFileReference; lastKnownFileType = folder.assetcatalog; path = Assets.xcassets; sourceTree = "<group>"; };
		F06D2C102C64CAB600519935 /* Preview Assets.xcassets */ = {isa = PBXFileReference; lastKnownFileType = folder.assetcatalog; path = "Preview Assets.xcassets"; sourceTree = "<group>"; };
		F06D2C202C64E50E00519935 /* ExploreView.swift */ = {isa = PBXFileReference; lastKnownFileType = sourcecode.swift; path = ExploreView.swift; sourceTree = "<group>"; };
		F06D2C222C64E5D900519935 /* ListingItemView.swift */ = {isa = PBXFileReference; lastKnownFileType = sourcecode.swift; path = ListingItemView.swift; sourceTree = "<group>"; };
		F06D2C242C64F71300519935 /* SearchAndFilterBarView.swift */ = {isa = PBXFileReference; lastKnownFileType = sourcecode.swift; path = SearchAndFilterBarView.swift; sourceTree = "<group>"; };
		F06D2C282C64FD9900519935 /* ListingDetailView.swift */ = {isa = PBXFileReference; lastKnownFileType = sourcecode.swift; path = ListingDetailView.swift; sourceTree = "<group>"; };
		F06D2C2A2C653B1200519935 /* ListingImageCarouselView.swift */ = {isa = PBXFileReference; lastKnownFileType = sourcecode.swift; path = ListingImageCarouselView.swift; sourceTree = "<group>"; };
		F06D2C2C2C65438200519935 /* RatingView.swift */ = {isa = PBXFileReference; lastKnownFileType = sourcecode.swift; path = RatingView.swift; sourceTree = "<group>"; };
		F06D2C2E2C66762B00519935 /* HostProfileView.swift */ = {isa = PBXFileReference; lastKnownFileType = sourcecode.swift; path = HostProfileView.swift; sourceTree = "<group>"; };
		F06D2C302C6678E300519935 /* ListingAmenitiesListView.swift */ = {isa = PBXFileReference; lastKnownFileType = sourcecode.swift; path = ListingAmenitiesListView.swift; sourceTree = "<group>"; };
		F06D2C322C66804C00519935 /* ListingBedroomsView.swift */ = {isa = PBXFileReference; lastKnownFileType = sourcecode.swift; path = ListingBedroomsView.swift; sourceTree = "<group>"; };
		F06D2C352C66865700519935 /* ListingFeaturesView.swift */ = {isa = PBXFileReference; lastKnownFileType = sourcecode.swift; path = ListingFeaturesView.swift; sourceTree = "<group>"; };
		F06D2C372C6686BB00519935 /* ListingMapView.swift */ = {isa = PBXFileReference; lastKnownFileType = sourcecode.swift; path = ListingMapView.swift; sourceTree = "<group>"; };
/* End PBXFileReference section */

/* Begin PBXFrameworksBuildPhase section */
		F06D2C032C64CAB400519935 /* Frameworks */ = {
			isa = PBXFrameworksBuildPhase;
			buildActionMask = 2147483647;
			files = (
			);
			runOnlyForDeploymentPostprocessing = 0;
		};
/* End PBXFrameworksBuildPhase section */

/* Begin PBXGroup section */
		F06D2BFD2C64CAB400519935 = {
			isa = PBXGroup;
			children = (
				F06D2C082C64CAB400519935 /* Airbnb */,
				F06D2C072C64CAB400519935 /* Products */,
			);
			sourceTree = "<group>";
		};
		F06D2C072C64CAB400519935 /* Products */ = {
			isa = PBXGroup;
			children = (
				F06D2C062C64CAB400519935 /* Airbnb.app */,
			);
			name = Products;
			sourceTree = "<group>";
		};
		F06D2C082C64CAB400519935 /* Airbnb */ = {
			isa = PBXGroup;
			children = (
				F06D2C192C64E38200519935 /* App */,
				F06D2C0D2C64CAB600519935 /* Assets.xcassets */,
				F06D2C0B2C64CAB400519935 /* ContentView.swift */,
				F06D2C182C64E37A00519935 /* Model */,
				F06D2C0F2C64CAB600519935 /* Preview Content */,
				F06D2C1A2C64E3C700519935 /* Views */,
			);
			path = Airbnb;
			sourceTree = "<group>";
		};
		F06D2C0F2C64CAB600519935 /* Preview Content */ = {
			isa = PBXGroup;
			children = (
				F06D2C102C64CAB600519935 /* Preview Assets.xcassets */,
			);
			path = "Preview Content";
			sourceTree = "<group>";
		};
		F06D2C182C64E37A00519935 /* Model */ = {
			isa = PBXGroup;
			children = (
			);
			path = Model;
			sourceTree = "<group>";
		};
		F06D2C192C64E38200519935 /* App */ = {
			isa = PBXGroup;
			children = (
				F06D2C092C64CAB400519935 /* AirbnbApp.swift */,
			);
			path = App;
			sourceTree = "<group>";
		};
		F06D2C1A2C64E3C700519935 /* Views */ = {
			isa = PBXGroup;
			children = (
				F06D2C272C64F9D200519935 /* Components */,
				F06D2C1C2C64E3E400519935 /* Explore */,
				F06D2C1B2C64E3DF00519935 /* Home */,
				F06D2C1D2C64E3F400519935 /* Listings */,
				F06D2C1F2C64E46000519935 /* Profile */,
				F06D2C1E2C64E45700519935 /* Wishlists */,
			);
			path = Views;
			sourceTree = "<group>";
		};
		F06D2C1B2C64E3DF00519935 /* Home */ = {
			isa = PBXGroup;
			children = (
			);
			path = Home;
			sourceTree = "<group>";
		};
		F06D2C1C2C64E3E400519935 /* Explore */ = {
			isa = PBXGroup;
			children = (
				F06D2C202C64E50E00519935 /* ExploreView.swift */,
				F06D2C242C64F71300519935 /* SearchAndFilterBarView.swift */,
			);
			path = Explore;
			sourceTree = "<group>";
		};
		F06D2C1D2C64E3F400519935 /* Listings */ = {
			isa = PBXGroup;
			children = (
				F06D2C222C64E5D900519935 /* ListingItemView.swift */,
				F06D2C282C64FD9900519935 /* ListingDetailView.swift */,
				F06D2C342C66808600519935 /* Components */,
			);
			path = Listings;
			sourceTree = "<group>";
		};
		F06D2C1E2C64E45700519935 /* Wishlists */ = {
			isa = PBXGroup;
			children = (
			);
			path = Wishlists;
			sourceTree = "<group>";
		};
		F06D2C1F2C64E46000519935 /* Profile */ = {
			isa = PBXGroup;
			children = (
			);
			path = Profile;
			sourceTree = "<group>";
		};
		F06D2C272C64F9D200519935 /* Components */ = {
			isa = PBXGroup;
			children = (
				F06D2C2A2C653B1200519935 /* ListingImageCarouselView.swift */,
				F06D2C2C2C65438200519935 /* RatingView.swift */,
			);
			path = Components;
			sourceTree = "<group>";
		};
		F06D2C342C66808600519935 /* Components */ = {
			isa = PBXGroup;
			children = (
				F06D2C2E2C66762B00519935 /* HostProfileView.swift */,
				F06D2C302C6678E300519935 /* ListingAmenitiesListView.swift */,
				F06D2C322C66804C00519935 /* ListingBedroomsView.swift */,
				F06D2C352C66865700519935 /* ListingFeaturesView.swift */,
				F06D2C372C6686BB00519935 /* ListingMapView.swift */,
			);
			path = Components;
			sourceTree = "<group>";
		};
/* End PBXGroup section */

/* Begin PBXNativeTarget section */
		F06D2C052C64CAB400519935 /* Airbnb */ = {
			isa = PBXNativeTarget;
			buildConfigurationList = F06D2C142C64CAB600519935 /* Build configuration list for PBXNativeTarget "Airbnb" */;
			buildPhases = (
				F06D2C022C64CAB400519935 /* Sources */,
				F06D2C032C64CAB400519935 /* Frameworks */,
				F06D2C042C64CAB400519935 /* Resources */,
			);
			buildRules = (
			);
			dependencies = (
			);
			name = Airbnb;
			productName = Airbnb;
			productReference = F06D2C062C64CAB400519935 /* Airbnb.app */;
			productType = "com.apple.product-type.application";
		};
/* End PBXNativeTarget section */

/* Begin PBXProject section */
		F06D2BFE2C64CAB400519935 /* Project object */ = {
			isa = PBXProject;
			attributes = {
				BuildIndependentTargetsInParallel = 1;
				LastSwiftUpdateCheck = 1540;
				LastUpgradeCheck = 1540;
				TargetAttributes = {
					F06D2C052C64CAB400519935 = {
						CreatedOnToolsVersion = 15.4;
					};
				};
			};
			buildConfigurationList = F06D2C012C64CAB400519935 /* Build configuration list for PBXProject "Airbnb" */;
			compatibilityVersion = "Xcode 14.0";
			developmentRegion = en;
			hasScannedForEncodings = 0;
			knownRegions = (
				en,
				Base,
			);
			mainGroup = F06D2BFD2C64CAB400519935;
			productRefGroup = F06D2C072C64CAB400519935 /* Products */;
			projectDirPath = "";
			projectRoot = "";
			targets = (
				F06D2C052C64CAB400519935 /* Airbnb */,
			);
		};
/* End PBXProject section */

/* Begin PBXResourcesBuildPhase section */
		F06D2C042C64CAB400519935 /* Resources */ = {
			isa = PBXResourcesBuildPhase;
			buildActionMask = 2147483647;
			files = (
				F06D2C112C64CAB600519935 /* Preview Assets.xcassets in Resources */,
				F06D2C0E2C64CAB600519935 /* Assets.xcassets in Resources */,
			);
			runOnlyForDeploymentPostprocessing = 0;
		};
/* End PBXResourcesBuildPhase section */

/* Begin PBXSourcesBuildPhase section */
		F06D2C022C64CAB400519935 /* Sources */ = {
			isa = PBXSourcesBuildPhase;
			buildActionMask = 2147483647;
			files = (
				F06D2C362C66865700519935 /* ListingFeaturesView.swift in Sources */,
				F06D2C332C66804C00519935 /* ListingBedroomsView.swift in Sources */,
				F06D2C312C6678E300519935 /* ListingAmenitiesListView.swift in Sources */,
				F06D2C2B2C653B1200519935 /* ListingImageCarouselView.swift in Sources */,
				F06D2C252C64F71300519935 /* SearchAndFilterBarView.swift in Sources */,
				F06D2C232C64E5D900519935 /* ListingItemView.swift in Sources */,
				F06D2C2D2C65438200519935 /* RatingView.swift in Sources */,
				F06D2C0C2C64CAB400519935 /* ContentView.swift in Sources */,
				F06D2C212C64E50E00519935 /* ExploreView.swift in Sources */,
				F06D2C2F2C66762B00519935 /* HostProfileView.swift in Sources */,
				F06D2C382C6686BB00519935 /* ListingMapView.swift in Sources */,
				F06D2C292C64FD9900519935 /* ListingDetailView.swift in Sources */,
				F06D2C0A2C64CAB400519935 /* AirbnbApp.swift in Sources */,
			);
			runOnlyForDeploymentPostprocessing = 0;
		};
/* End PBXSourcesBuildPhase section */

/* Begin XCBuildConfiguration section */
		F06D2C122C64CAB600519935 /* Debug */ = {
			isa = XCBuildConfiguration;
			buildSettings = {
				ALWAYS_SEARCH_USER_PATHS = NO;
				ASSETCATALOG_COMPILER_GENERATE_SWIFT_ASSET_SYMBOL_EXTENSIONS = YES;
				CLANG_ANALYZER_NONNULL = YES;
				CLANG_ANALYZER_NUMBER_OBJECT_CONVERSION = YES_AGGRESSIVE;
				CLANG_CXX_LANGUAGE_STANDARD = "gnu++20";
				CLANG_ENABLE_MODULES = YES;
				CLANG_ENABLE_OBJC_ARC = YES;
				CLANG_ENABLE_OBJC_WEAK = YES;
				CLANG_WARN_BLOCK_CAPTURE_AUTORELEASING = YES;
				CLANG_WARN_BOOL_CONVERSION = YES;
				CLANG_WARN_COMMA = YES;
				CLANG_WARN_CONSTANT_CONVERSION = YES;
				CLANG_WARN_DEPRECATED_OBJC_IMPLEMENTATIONS = YES;
				CLANG_WARN_DIRECT_OBJC_ISA_USAGE = YES_ERROR;
				CLANG_WARN_DOCUMENTATION_COMMENTS = YES;
				CLANG_WARN_EMPTY_BODY = YES;
				CLANG_WARN_ENUM_CONVERSION = YES;
				CLANG_WARN_INFINITE_RECURSION = YES;
				CLANG_WARN_INT_CONVERSION = YES;
				CLANG_WARN_NON_LITERAL_NULL_CONVERSION = YES;
				CLANG_WARN_OBJC_IMPLICIT_RETAIN_SELF = YES;
				CLANG_WARN_OBJC_LITERAL_CONVERSION = YES;
				CLANG_WARN_OBJC_ROOT_CLASS = YES_ERROR;
				CLANG_WARN_QUOTED_INCLUDE_IN_FRAMEWORK_HEADER = YES;
				CLANG_WARN_RANGE_LOOP_ANALYSIS = YES;
				CLANG_WARN_STRICT_PROTOTYPES = YES;
				CLANG_WARN_SUSPICIOUS_MOVE = YES;
				CLANG_WARN_UNGUARDED_AVAILABILITY = YES_AGGRESSIVE;
				CLANG_WARN_UNREACHABLE_CODE = YES;
				CLANG_WARN__DUPLICATE_METHOD_MATCH = YES;
				COPY_PHASE_STRIP = NO;
				DEBUG_INFORMATION_FORMAT = dwarf;
				ENABLE_STRICT_OBJC_MSGSEND = YES;
				ENABLE_TESTABILITY = YES;
				ENABLE_USER_SCRIPT_SANDBOXING = YES;
				GCC_C_LANGUAGE_STANDARD = gnu17;
				GCC_DYNAMIC_NO_PIC = NO;
				GCC_NO_COMMON_BLOCKS = YES;
				GCC_OPTIMIZATION_LEVEL = 0;
				GCC_PREPROCESSOR_DEFINITIONS = (
					"DEBUG=1",
					"$(inherited)",
				);
				GCC_WARN_64_TO_32_BIT_CONVERSION = YES;
				GCC_WARN_ABOUT_RETURN_TYPE = YES_ERROR;
				GCC_WARN_UNDECLARED_SELECTOR = YES;
				GCC_WARN_UNINITIALIZED_AUTOS = YES_AGGRESSIVE;
				GCC_WARN_UNUSED_FUNCTION = YES;
				GCC_WARN_UNUSED_VARIABLE = YES;
				IPHONEOS_DEPLOYMENT_TARGET = 17.5;
				LOCALIZATION_PREFERS_STRING_CATALOGS = YES;
				MTL_ENABLE_DEBUG_INFO = INCLUDE_SOURCE;
				MTL_FAST_MATH = YES;
				ONLY_ACTIVE_ARCH = YES;
				SDKROOT = iphoneos;
				SWIFT_ACTIVE_COMPILATION_CONDITIONS = "DEBUG $(inherited)";
				SWIFT_OPTIMIZATION_LEVEL = "-Onone";
			};
			name = Debug;
		};
		F06D2C132C64CAB600519935 /* Release */ = {
			isa = XCBuildConfiguration;
			buildSettings = {
				ALWAYS_SEARCH_USER_PATHS = NO;
				ASSETCATALOG_COMPILER_GENERATE_SWIFT_ASSET_SYMBOL_EXTENSIONS = YES;
				CLANG_ANALYZER_NONNULL = YES;
				CLANG_ANALYZER_NUMBER_OBJECT_CONVERSION = YES_AGGRESSIVE;
				CLANG_CXX_LANGUAGE_STANDARD = "gnu++20";
				CLANG_ENABLE_MODULES = YES;
				CLANG_ENABLE_OBJC_ARC = YES;
				CLANG_ENABLE_OBJC_WEAK = YES;
				CLANG_WARN_BLOCK_CAPTURE_AUTORELEASING = YES;
				CLANG_WARN_BOOL_CONVERSION = YES;
				CLANG_WARN_COMMA = YES;
				CLANG_WARN_CONSTANT_CONVERSION = YES;
				CLANG_WARN_DEPRECATED_OBJC_IMPLEMENTATIONS = YES;
				CLANG_WARN_DIRECT_OBJC_ISA_USAGE = YES_ERROR;
				CLANG_WARN_DOCUMENTATION_COMMENTS = YES;
				CLANG_WARN_EMPTY_BODY = YES;
				CLANG_WARN_ENUM_CONVERSION = YES;
				CLANG_WARN_INFINITE_RECURSION = YES;
				CLANG_WARN_INT_CONVERSION = YES;
				CLANG_WARN_NON_LITERAL_NULL_CONVERSION = YES;
				CLANG_WARN_OBJC_IMPLICIT_RETAIN_SELF = YES;
				CLANG_WARN_OBJC_LITERAL_CONVERSION = YES;
				CLANG_WARN_OBJC_ROOT_CLASS = YES_ERROR;
				CLANG_WARN_QUOTED_INCLUDE_IN_FRAMEWORK_HEADER = YES;
				CLANG_WARN_RANGE_LOOP_ANALYSIS = YES;
				CLANG_WARN_STRICT_PROTOTYPES = YES;
				CLANG_WARN_SUSPICIOUS_MOVE = YES;
				CLANG_WARN_UNGUARDED_AVAILABILITY = YES_AGGRESSIVE;
				CLANG_WARN_UNREACHABLE_CODE = YES;
				CLANG_WARN__DUPLICATE_METHOD_MATCH = YES;
				COPY_PHASE_STRIP = NO;
				DEBUG_INFORMATION_FORMAT = "dwarf-with-dsym";
				ENABLE_NS_ASSERTIONS = NO;
				ENABLE_STRICT_OBJC_MSGSEND = YES;
				ENABLE_USER_SCRIPT_SANDBOXING = YES;
				GCC_C_LANGUAGE_STANDARD = gnu17;
				GCC_NO_COMMON_BLOCKS = YES;
				GCC_WARN_64_TO_32_BIT_CONVERSION = YES;
				GCC_WARN_ABOUT_RETURN_TYPE = YES_ERROR;
				GCC_WARN_UNDECLARED_SELECTOR = YES;
				GCC_WARN_UNINITIALIZED_AUTOS = YES_AGGRESSIVE;
				GCC_WARN_UNUSED_FUNCTION = YES;
				GCC_WARN_UNUSED_VARIABLE = YES;
				IPHONEOS_DEPLOYMENT_TARGET = 17.5;
				LOCALIZATION_PREFERS_STRING_CATALOGS = YES;
				MTL_ENABLE_DEBUG_INFO = NO;
				MTL_FAST_MATH = YES;
				SDKROOT = iphoneos;
				SWIFT_COMPILATION_MODE = wholemodule;
				VALIDATE_PRODUCT = YES;
			};
			name = Release;
		};
		F06D2C152C64CAB600519935 /* Debug */ = {
			isa = XCBuildConfiguration;
			buildSettings = {
				ASSETCATALOG_COMPILER_APPICON_NAME = AppIcon;
				ASSETCATALOG_COMPILER_GLOBAL_ACCENT_COLOR_NAME = AccentColor;
				CODE_SIGN_STYLE = Automatic;
				CURRENT_PROJECT_VERSION = 1;
				DEVELOPMENT_ASSET_PATHS = "\"Airbnb/Preview Content\"";
				DEVELOPMENT_TEAM = UNBA7S3W5P;
				ENABLE_PREVIEWS = YES;
				GENERATE_INFOPLIST_FILE = YES;
				INFOPLIST_KEY_UIApplicationSceneManifest_Generation = YES;
				INFOPLIST_KEY_UIApplicationSupportsIndirectInputEvents = YES;
				INFOPLIST_KEY_UILaunchScreen_Generation = YES;
				INFOPLIST_KEY_UISupportedInterfaceOrientations_iPad = "UIInterfaceOrientationPortrait UIInterfaceOrientationPortraitUpsideDown UIInterfaceOrientationLandscapeLeft UIInterfaceOrientationLandscapeRight";
				INFOPLIST_KEY_UISupportedInterfaceOrientations_iPhone = "UIInterfaceOrientationPortrait UIInterfaceOrientationLandscapeLeft UIInterfaceOrientationLandscapeRight";
				LD_RUNPATH_SEARCH_PATHS = (
					"$(inherited)",
					"@executable_path/Frameworks",
				);
				MARKETING_VERSION = 1.0;
				PRODUCT_BUNDLE_IDENTIFIER = com.luizvasconcellos.Airbnb;
				PRODUCT_NAME = "$(TARGET_NAME)";
				SWIFT_EMIT_LOC_STRINGS = YES;
				SWIFT_VERSION = 5.0;
				TARGETED_DEVICE_FAMILY = "1,2";
			};
			name = Debug;
		};
		F06D2C162C64CAB600519935 /* Release */ = {
			isa = XCBuildConfiguration;
			buildSettings = {
				ASSETCATALOG_COMPILER_APPICON_NAME = AppIcon;
				ASSETCATALOG_COMPILER_GLOBAL_ACCENT_COLOR_NAME = AccentColor;
				CODE_SIGN_STYLE = Automatic;
				CURRENT_PROJECT_VERSION = 1;
				DEVELOPMENT_ASSET_PATHS = "\"Airbnb/Preview Content\"";
				DEVELOPMENT_TEAM = UNBA7S3W5P;
				ENABLE_PREVIEWS = YES;
				GENERATE_INFOPLIST_FILE = YES;
				INFOPLIST_KEY_UIApplicationSceneManifest_Generation = YES;
				INFOPLIST_KEY_UIApplicationSupportsIndirectInputEvents = YES;
				INFOPLIST_KEY_UILaunchScreen_Generation = YES;
				INFOPLIST_KEY_UISupportedInterfaceOrientations_iPad = "UIInterfaceOrientationPortrait UIInterfaceOrientationPortraitUpsideDown UIInterfaceOrientationLandscapeLeft UIInterfaceOrientationLandscapeRight";
				INFOPLIST_KEY_UISupportedInterfaceOrientations_iPhone = "UIInterfaceOrientationPortrait UIInterfaceOrientationLandscapeLeft UIInterfaceOrientationLandscapeRight";
				LD_RUNPATH_SEARCH_PATHS = (
					"$(inherited)",
					"@executable_path/Frameworks",
				);
				MARKETING_VERSION = 1.0;
				PRODUCT_BUNDLE_IDENTIFIER = com.luizvasconcellos.Airbnb;
				PRODUCT_NAME = "$(TARGET_NAME)";
				SWIFT_EMIT_LOC_STRINGS = YES;
				SWIFT_VERSION = 5.0;
				TARGETED_DEVICE_FAMILY = "1,2";
			};
			name = Release;
		};
/* End XCBuildConfiguration section */

/* Begin XCConfigurationList section */
		F06D2C012C64CAB400519935 /* Build configuration list for PBXProject "Airbnb" */ = {
			isa = XCConfigurationList;
			buildConfigurations = (
				F06D2C122C64CAB600519935 /* Debug */,
				F06D2C132C64CAB600519935 /* Release */,
			);
			defaultConfigurationIsVisible = 0;
			defaultConfigurationName = Release;
		};
		F06D2C142C64CAB600519935 /* Build configuration list for PBXNativeTarget "Airbnb" */ = {
			isa = XCConfigurationList;
			buildConfigurations = (
				F06D2C152C64CAB600519935 /* Debug */,
				F06D2C162C64CAB600519935 /* Release */,
			);
			defaultConfigurationIsVisible = 0;
			defaultConfigurationName = Release;
		};
/* End XCConfigurationList section */
	};
	rootObject = F06D2BFE2C64CAB400519935 /* Project object */;
}
